// !$*UTF8*$!
{
	archiveVersion = 1;
	classes = {
	};
	objectVersion = 46;
	objects = {

/* Begin PBXBuildFile section */
		043362341CA7958400B4F35F /* AppDelegate.swift in Sources */ = {isa = PBXBuildFile; fileRef = 043362331CA7958400B4F35F /* AppDelegate.swift */; };
		043362361CA7958400B4F35F /* ViewController.swift in Sources */ = {isa = PBXBuildFile; fileRef = 043362351CA7958400B4F35F /* ViewController.swift */; };
		043362391CA7958400B4F35F /* Main.storyboard in Resources */ = {isa = PBXBuildFile; fileRef = 043362371CA7958400B4F35F /* Main.storyboard */; };
		0433623B1CA7958400B4F35F /* Assets.xcassets in Resources */ = {isa = PBXBuildFile; fileRef = 0433623A1CA7958400B4F35F /* Assets.xcassets */; };
		0433623E1CA7958400B4F35F /* LaunchScreen.storyboard in Resources */ = {isa = PBXBuildFile; fileRef = 0433623C1CA7958400B4F35F /* LaunchScreen.storyboard */; };
		04A7F6C71CA9187B00576A59 /* SettingNameViewController.swift in Sources */ = {isa = PBXBuildFile; fileRef = 04A7F6C61CA9187B00576A59 /* SettingNameViewController.swift */; };
		04FC23F71CA90CD900D36ACD /* SettingNumberViewController.swift in Sources */ = {isa = PBXBuildFile; fileRef = 04FC23F61CA90CD900D36ACD /* SettingNumberViewController.swift */; };
		04FC23F91CA90CEF00D36ACD /* ChooseDeleteViewController.swift in Sources */ = {isa = PBXBuildFile; fileRef = 04FC23F81CA90CEF00D36ACD /* ChooseDeleteViewController.swift */; };
/* End PBXBuildFile section */

/* Begin PBXFileReference section */
		043362301CA7958400B4F35F /* QuickDial.app */ = {isa = PBXFileReference; explicitFileType = wrapper.application; includeInIndex = 0; path = QuickDial.app; sourceTree = BUILT_PRODUCTS_DIR; };
		043362331CA7958400B4F35F /* AppDelegate.swift */ = {isa = PBXFileReference; lastKnownFileType = sourcecode.swift; path = AppDelegate.swift; sourceTree = "<group>"; };
		043362351CA7958400B4F35F /* ViewController.swift */ = {isa = PBXFileReference; lastKnownFileType = sourcecode.swift; path = ViewController.swift; sourceTree = "<group>"; };
		043362381CA7958400B4F35F /* Base */ = {isa = PBXFileReference; lastKnownFileType = file.storyboard; name = Base; path = Base.lproj/Main.storyboard; sourceTree = "<group>"; };
		0433623A1CA7958400B4F35F /* Assets.xcassets */ = {isa = PBXFileReference; lastKnownFileType = folder.assetcatalog; path = Assets.xcassets; sourceTree = "<group>"; };
		0433623D1CA7958400B4F35F /* Base */ = {isa = PBXFileReference; lastKnownFileType = file.storyboard; name = Base; path = Base.lproj/LaunchScreen.storyboard; sourceTree = "<group>"; };
		0433623F1CA7958400B4F35F /* Info.plist */ = {isa = PBXFileReference; lastKnownFileType = text.plist.xml; path = Info.plist; sourceTree = "<group>"; };
		04A7F6C61CA9187B00576A59 /* SettingNameViewController.swift */ = {isa = PBXFileReference; fileEncoding = 4; lastKnownFileType = sourcecode.swift; path = SettingNameViewController.swift; sourceTree = "<group>"; };
		04FC23F61CA90CD900D36ACD /* SettingNumberViewController.swift */ = {isa = PBXFileReference; fileEncoding = 4; lastKnownFileType = sourcecode.swift; path = SettingNumberViewController.swift; sourceTree = "<group>"; };
		04FC23F81CA90CEF00D36ACD /* ChooseDeleteViewController.swift */ = {isa = PBXFileReference; fileEncoding = 4; lastKnownFileType = sourcecode.swift; path = ChooseDeleteViewController.swift; sourceTree = "<group>"; };
/* End PBXFileReference section */

/* Begin PBXFrameworksBuildPhase section */
		0433622D1CA7958400B4F35F /* Frameworks */ = {
			isa = PBXFrameworksBuildPhase;
			buildActionMask = 2147483647;
			files = (
			);
			runOnlyForDeploymentPostprocessing = 0;
		};
/* End PBXFrameworksBuildPhase section */

/* Begin PBXGroup section */
		043362271CA7958400B4F35F = {
			isa = PBXGroup;
			children = (
				043362321CA7958400B4F35F /* QuickDial */,
				043362311CA7958400B4F35F /* Products */,
			);
			sourceTree = "<group>";
		};
		043362311CA7958400B4F35F /* Products */ = {
			isa = PBXGroup;
			children = (
				043362301CA7958400B4F35F /* QuickDial.app */,
			);
			name = Products;
			sourceTree = "<group>";
		};
		043362321CA7958400B4F35F /* QuickDial */ = {
			isa = PBXGroup;
			children = (
				043362331CA7958400B4F35F /* AppDelegate.swift */,
				043362351CA7958400B4F35F /* ViewController.swift */,
				043362371CA7958400B4F35F /* Main.storyboard */,
				0433623A1CA7958400B4F35F /* Assets.xcassets */,
				0433623C1CA7958400B4F35F /* LaunchScreen.storyboard */,
				0433623F1CA7958400B4F35F /* Info.plist */,
				04A7F6C61CA9187B00576A59 /* SettingNameViewController.swift */,
				04FC23F61CA90CD900D36ACD /* SettingNumberViewController.swift */,
				04FC23F81CA90CEF00D36ACD /* ChooseDeleteViewController.swift */,
			);
			path = QuickDial;
			sourceTree = "<group>";
		};
/* End PBXGroup section */

/* Begin PBXNativeTarget section */
		0433622F1CA7958400B4F35F /* QuickDial */ = {
			isa = PBXNativeTarget;
			buildConfigurationList = 043362421CA7958400B4F35F /* Build configuration list for PBXNativeTarget "QuickDial" */;
			buildPhases = (
				0433622C1CA7958400B4F35F /* Sources */,
				0433622D1CA7958400B4F35F /* Frameworks */,
				0433622E1CA7958400B4F35F /* Resources */,
			);
			buildRules = (
			);
			dependencies = (
			);
			name = QuickDial;
			productName = QuickDial;
			productReference = 043362301CA7958400B4F35F /* QuickDial.app */;
			productType = "com.apple.product-type.application";
		};
/* End PBXNativeTarget section */

/* Begin PBXProject section */
		043362281CA7958400B4F35F /* Project object */ = {
			isa = PBXProject;
			attributes = {
				LastSwiftUpdateCheck = 0720;
				LastUpgradeCheck = 0720;
				ORGANIZATIONNAME = ssiang1627;
				TargetAttributes = {
					0433622F1CA7958400B4F35F = {
						CreatedOnToolsVersion = 7.2.1;
						DevelopmentTeam = QFZ2663XLK;
					};
				};
			};
			buildConfigurationList = 0433622B1CA7958400B4F35F /* Build configuration list for PBXProject "QuickDial" */;
			compatibilityVersion = "Xcode 3.2";
			developmentRegion = English;
			hasScannedForEncodings = 0;
			knownRegions = (
				en,
				Base,
			);
			mainGroup = 043362271CA7958400B4F35F;
			productRefGroup = 043362311CA7958400B4F35F /* Products */;
			projectDirPath = "";
			projectRoot = "";
			targets = (
				0433622F1CA7958400B4F35F /* QuickDial */,
			);
		};
/* End PBXProject section */

/* Begin PBXResourcesBuildPhase section */
		0433622E1CA7958400B4F35F /* Resources */ = {
			isa = PBXResourcesBuildPhase;
			buildActionMask = 2147483647;
			files = (
				0433623E1CA7958400B4F35F /* LaunchScreen.storyboard in Resources */,
				0433623B1CA7958400B4F35F /* Assets.xcassets in Resources */,
				043362391CA7958400B4F35F /* Main.storyboard in Resources */,
			);
			runOnlyForDeploymentPostprocessing = 0;
		};
/* End PBXResourcesBuildPhase section */

/* Begin PBXSourcesBuildPhase section */
		0433622C1CA7958400B4F35F /* Sources */ = {
			isa = PBXSourcesBuildPhase;
			buildActionMask = 2147483647;
			files = (
				04FC23F91CA90CEF00D36ACD /* ChooseDeleteViewController.swift in Sources */,
				04A7F6C71CA9187B00576A59 /* SettingNameViewController.swift in Sources */,
				043362361CA7958400B4F35F /* ViewController.swift in Sources */,
				04FC23F71CA90CD900D36ACD /* SettingNumberViewController.swift in Sources */,
				043362341CA7958400B4F35F /* AppDelegate.swift in Sources */,
			);
			runOnlyForDeploymentPostprocessing = 0;
		};
/* End PBXSourcesBuildPhase section */

/* Begin PBXVariantGroup section */
		043362371CA7958400B4F35F /* Main.storyboard */ = {
			isa = PBXVariantGroup;
			children = (
				043362381CA7958400B4F35F /* Base */,
			);
			name = Main.storyboard;
			sourceTree = "<group>";
		};
		0433623C1CA7958400B4F35F /* LaunchScreen.storyboard */ = {
			isa = PBXVariantGroup;
			children = (
				0433623D1CA7958400B4F35F /* Base */,
			);
			name = LaunchScreen.storyboard;
			sourceTree = "<group>";
		};
/* End PBXVariantGroup section */

/* Begin XCBuildConfiguration section */
		043362401CA7958400B4F35F /* Debug */ = {
			isa = XCBuildConfiguration;
			buildSettings = {
				ALWAYS_SEARCH_USER_PATHS = NO;
				CLANG_CXX_LANGUAGE_STANDARD = "gnu++0x";
				CLANG_CXX_LIBRARY = "libc++";
				CLANG_ENABLE_MODULES = YES;
				CLANG_ENABLE_OBJC_ARC = YES;
				CLANG_WARN_BOOL_CONVERSION = YES;
				CLANG_WARN_CONSTANT_CONVERSION = YES;
				CLANG_WARN_DIRECT_OBJC_ISA_USAGE = YES_ERROR;
				CLANG_WARN_EMPTY_BODY = YES;
				CLANG_WARN_ENUM_CONVERSION = YES;
				CLANG_WARN_INT_CONVERSION = YES;
				CLANG_WARN_OBJC_ROOT_CLASS = YES_ERROR;
				CLANG_WARN_UNREACHABLE_CODE = YES;
				CLANG_WARN__DUPLICATE_METHOD_MATCH = YES;
				"CODE_SIGN_IDENTITY[sdk=iphoneos*]" = "iPhone Developer";
				COPY_PHASE_STRIP = NO;
				DEBUG_INFORMATION_FORMAT = dwarf;
				ENABLE_STRICT_OBJC_MSGSEND = YES;
				ENABLE_TESTABILITY = YES;
				GCC_C_LANGUAGE_STANDARD = gnu99;
				GCC_DYNAMIC_NO_PIC = NO;
				GCC_NO_COMMON_BLOCKS = YES;
				GCC_OPTIMIZATION_LEVEL = 0;
				GCC_PREPROCESSOR_DEFINITIONS = (
					"DEBUG=1",
					"$(inherited)",
				);
				GCC_WARN_64_TO_32_BIT_CONVERSION = YES;
				GCC_WARN_ABOUT_RETURN_TYPE = YES_ERROR;
				GCC_WARN_UNDECLARED_SELECTOR = YES;
				GCC_WARN_UNINITIALIZED_AUTOS = YES_AGGRESSIVE;
				GCC_WARN_UNUSED_FUNCTION = YES;
				GCC_WARN_UNUSED_VARIABLE = YES;
				IPHONEOS_DEPLOYMENT_TARGET = 9.2;
				MTL_ENABLE_DEBUG_INFO = YES;
				ONLY_ACTIVE_ARCH = YES;
				SDKROOT = iphoneos;
				SWIFT_OPTIMIZATION_LEVEL = "-Onone";
				TARGETED_DEVICE_FAMILY = "1,2";
			};
			name = Debug;
		};
		043362411CA7958400B4F35F /* Release */ = {
			isa = XCBuildConfiguration;
			buildSettings = {
				ALWAYS_SEARCH_USER_PATHS = NO;
				CLANG_CXX_LANGUAGE_STANDARD = "gnu++0x";
				CLANG_CXX_LIBRARY = "libc++";
				CLANG_ENABLE_MODULES = YES;
				CLANG_ENABLE_OBJC_ARC = YES;
				CLANG_WARN_BOOL_CONVERSION = YES;
				CLANG_WARN_CONSTANT_CONVERSION = YES;
				CLANG_WARN_DIRECT_OBJC_ISA_USAGE = YES_ERROR;
				CLANG_WARN_EMPTY_BODY = YES;
				CLANG_WARN_ENUM_CONVERSION = YES;
				CLANG_WARN_INT_CONVERSION = YES;
				CLANG_WARN_OBJC_ROOT_CLASS = YES_ERROR;
				CLANG_WARN_UNREACHABLE_CODE = YES;
				CLANG_WARN__DUPLICATE_METHOD_MATCH = YES;
				"CODE_SIGN_IDENTITY[sdk=iphoneos*]" = "iPhone Developer";
				COPY_PHASE_STRIP = NO;
				DEBUG_INFORMATION_FORMAT = "dwarf-with-dsym";
				ENABLE_NS_ASSERTIONS = NO;
				ENABLE_STRICT_OBJC_MSGSEND = YES;
				GCC_C_LANGUAGE_STANDARD = gnu99;
				GCC_NO_COMMON_BLOCKS = YES;
				GCC_WARN_64_TO_32_BIT_CONVERSION = YES;
				GCC_WARN_ABOUT_RETURN_TYPE = YES_ERROR;
				GCC_WARN_UNDECLARED_SELECTOR = YES;
				GCC_WARN_UNINITIALIZED_AUTOS = YES_AGGRESSIVE;
				GCC_WARN_UNUSED_FUNCTION = YES;
				GCC_WARN_UNUSED_VARIABLE = YES;
				IPHONEOS_DEPLOYMENT_TARGET = 9.2;
				MTL_ENABLE_DEBUG_INFO = NO;
				SDKROOT = iphoneos;
				TARGETED_DEVICE_FAMILY = "1,2";
				VALIDATE_PRODUCT = YES;
			};
			name = Release;
		};
		043362431CA7958400B4F35F /* Debug */ = {
			isa = XCBuildConfiguration;
			buildSettings = {
				ASSETCATALOG_COMPILER_APPICON_NAME = AppIcon;
				INFOPLIST_FILE = QuickDial/Info.plist;
				LD_RUNPATH_SEARCH_PATHS = "$(inherited) @executable_path/Frameworks";
				PRODUCT_BUNDLE_IDENTIFIER = com.ssiang1627.QuickDial;
				PRODUCT_NAME = "$(TARGET_NAME)";
			};
			name = Debug;
		};
		043362441CA7958400B4F35F /* Release */ = {
			isa = XCBuildConfiguration;
			buildSettings = {
				ASSETCATALOG_COMPILER_APPICON_NAME = AppIcon;
				INFOPLIST_FILE = QuickDial/Info.plist;
				LD_RUNPATH_SEARCH_PATHS = "$(inherited) @executable_path/Frameworks";
				PRODUCT_BUNDLE_IDENTIFIER = com.ssiang1627.QuickDial;
				PRODUCT_NAME = "$(TARGET_NAME)";
			};
			name = Release;
		};
/* End XCBuildConfiguration section */

/* Begin XCConfigurationList section */
		0433622B1CA7958400B4F35F /* Build configuration list for PBXProject "QuickDial" */ = {
			isa = XCConfigurationList;
			buildConfigurations = (
				043362401CA7958400B4F35F /* Debug */,
				043362411CA7958400B4F35F /* Release */,
			);
			defaultConfigurationIsVisible = 0;
			defaultConfigurationName = Release;
		};
		043362421CA7958400B4F35F /* Build configuration list for PBXNativeTarget "QuickDial" */ = {
			isa = XCConfigurationList;
			buildConfigurations = (
				043362431CA7958400B4F35F /* Debug */,
				043362441CA7958400B4F35F /* Release */,
			);
			defaultConfigurationIsVisible = 0;
			defaultConfigurationName = Release;
		};
/* End XCConfigurationList section */
	};
	rootObject = 043362281CA7958400B4F35F /* Project object */;
}
